
Microsoft Visual Studio Solution File, Format Version 12.00
# Visual Studio Version 16
VisualStudioVersion = 16.0.29025.244
MinimumVisualStudioVersion = 10.0.40219.1
Project("{2150E333-8FDC-42A3-9474-1A3956D46DE8}") = "Src", "Src", "{F5B7F8D3-D7CA-4C16-862C-609E8CCDF622}"
EndProject
Project("{2150E333-8FDC-42A3-9474-1A3956D46DE8}") = "Development", "Development", "{F6645962-50F7-4CFE-AD80-CB9BA6C3A0DE}"
EndProject
Project("{2150E333-8FDC-42A3-9474-1A3956D46DE8}") = "Tests", "Tests", "{718A710A-6B78-47B7-A4C5-2256E2EF7F92}"
EndProject
Project("{9A19103F-16F7-4668-BE54-9A1E7A4F7556}") = "IntraOffice.Nuget.Catalog.Client", "Src\IntraOffice.Nuget.Catalog.Client.csproj", "{14F27E4F-8135-4816-AF64-6110652EFD11}"
EndProject
Project("{FAE04EC0-301F-11D3-BF4B-00C04F79EFBC}") = "IntraOffice.Nuget.Catalog.Client.UnitTests", "Tests\IntraOffice.Nuget.Catalog.Client.UnitTests\IntraOffice.Nuget.Catalog.Client.UnitTests.csproj", "{AD8E9204-2F05-4A64-90D2-A00BA197E925}"
EndProject
Project("{FAE04EC0-301F-11D3-BF4B-00C04F79EFBC}") = "IntraOffice.Nuget.Catalog.Client.IntTests", "Tests\IntraOffice.Nuget.Catalog.Client.IntTests\IntraOffice.Nuget.Catalog.Client.IntTests.csproj", "{10D5ADF6-A03E-4764-A242-C75997FDA1C1}"
EndProject
Global
	GlobalSection(SolutionConfigurationPlatforms) = preSolution
		Debug|Any CPU = Debug|Any CPU
		Release|Any CPU = Release|Any CPU
	EndGlobalSection
	GlobalSection(ProjectConfigurationPlatforms) = postSolution
		{14F27E4F-8135-4816-AF64-6110652EFD11}.Debug|Any CPU.ActiveCfg = Debug|Any CPU
		{14F27E4F-8135-4816-AF64-6110652EFD11}.Debug|Any CPU.Build.0 = Debug|Any CPU
		{14F27E4F-8135-4816-AF64-6110652EFD11}.Release|Any CPU.ActiveCfg = Release|Any CPU
		{14F27E4F-8135-4816-AF64-6110652EFD11}.Release|Any CPU.Build.0 = Release|Any CPU
		{AD8E9204-2F05-4A64-90D2-A00BA197E925}.Debug|Any CPU.ActiveCfg = Debug|Any CPU
		{AD8E9204-2F05-4A64-90D2-A00BA197E925}.Debug|Any CPU.Build.0 = Debug|Any CPU
		{AD8E9204-2F05-4A64-90D2-A00BA197E925}.Release|Any CPU.ActiveCfg = Release|Any CPU
		{AD8E9204-2F05-4A64-90D2-A00BA197E925}.Release|Any CPU.Build.0 = Release|Any CPU
		{10D5ADF6-A03E-4764-A242-C75997FDA1C1}.Debug|Any CPU.ActiveCfg = Debug|Any CPU
		{10D5ADF6-A03E-4764-A242-C75997FDA1C1}.Debug|Any CPU.Build.0 = Debug|Any CPU
		{10D5ADF6-A03E-4764-A242-C75997FDA1C1}.Release|Any CPU.ActiveCfg = Release|Any CPU
		{10D5ADF6-A03E-4764-A242-C75997FDA1C1}.Release|Any CPU.Build.0 = Release|Any CPU
	EndGlobalSection
	GlobalSection(SolutionProperties) = preSolution
		HideSolutionNode = FALSE
	EndGlobalSection
	GlobalSection(NestedProjects) = preSolution
		{14F27E4F-8135-4816-AF64-6110652EFD11} = {F5B7F8D3-D7CA-4C16-862C-609E8CCDF622}
		{AD8E9204-2F05-4A64-90D2-A00BA197E925} = {718A710A-6B78-47B7-A4C5-2256E2EF7F92}
		{10D5ADF6-A03E-4764-A242-C75997FDA1C1} = {718A710A-6B78-47B7-A4C5-2256E2EF7F92}
	EndGlobalSection
	GlobalSection(ExtensibilityGlobals) = postSolution
		SolutionGuid = {2890483F-0A74-4A08-A2DA-6FD1B3D640DA}
	EndGlobalSection
EndGlobal
